{
  "version": "v1",
  "packages": {
    "@knora/core": {
      "signature": "793618df7e418350f5aa93841af4a632",
      "file": true,
      "replaced": "7.0.1"
    },
    "@knora/search": {
      "signature": "6b6d06b4fa7bee9fd4f9f06e3455b195",
      "file": true,
      "replaced": "7.0.1"
    },
    "@knora/action": {
      "signature": "bf80ed15bb142c7e48eac218f5690e58",
      "file": true,
      "replaced": "7.3.0"
    },
    "@knora/authentication": {
      "signature": "9cd2affc30d462bcc225894bf0b67e94",
      "file": true,
      "replaced": "7.3.0"
    }
  }
}