{
  "name": "dsp-app-e2e",
  "lockfileVersion": 3,
  "requires": true,
  "packages": {
    "": {
      "name": "dsp-app-e2e",
      "devDependencies": {
        "onecolor": "^4.1.0",
        "pixelmatch": "^6.0.0"
      }
    },
    "node_modules/onecolor": {
      "version": "4.1.0",
      "resolved": "https://registry.npmjs.org/onecolor/-/onecolor-4.1.0.tgz",
      "integrity": "sha512-kDUtnWdWlt5iWx85wrGZxMh8tB4058Bk1YyVpb+Zjl+2wLH/OvqIacbchJma0gjGXocwUTueLwMDVYKrbI+0zA==",
      "dev": true,
      "license": "BSD-2-Clause",
      "engines": {
        "node": ">=0.4.8"
      }
    },
    "node_modules/pixelmatch": {
      "version": "6.0.0",
      "resolved": "https://registry.npmjs.org/pixelmatch/-/pixelmatch-6.0.0.tgz",
      "integrity": "sha512-FYpL4XiIWakTnIqLqvt3uN4L9B3TsuHIvhLILzTiJZMJUsGvmKNeL4H3b6I99LRyerK9W4IuOXw+N28AtRgK2g==",
      "dev": true,
      "license": "ISC",
      "dependencies": {
        "pngjs": "^7.0.0"
      },
      "bin": {
        "pixelmatch": "bin/pixelmatch"
      }
    },
    "node_modules/pngjs": {
      "version": "7.0.0",
      "resolved": "https://registry.npmjs.org/pngjs/-/pngjs-7.0.0.tgz",
      "integrity": "sha512-LKWqWJRhstyYo9pGvgor/ivk2w94eSjE3RGVuzLGlr3NmD8bf7RcYGze1mNdEHRP6TRP6rMuDHk5t44hnTRyow==",
      "dev": true,
      "license": "MIT",
      "engines": {
        "node": ">=14.19.0"
      }
    }
  }
}
